// !$*UTF8*$!
{
	archiveVersion = 1;
	classes = {
	};
	objectVersion = 50;
	objects = {

/* Begin PBXBuildFile section */
		524B1E8622D6735A00ED85CB /* AppDelegate.swift in Sources */ = {isa = PBXBuildFile; fileRef = 524B1E8522D6735A00ED85CB /* AppDelegate.swift */; };
		524B1E8822D6735A00ED85CB /* art.scnassets in Resources */ = {isa = PBXBuildFile; fileRef = 524B1E8722D6735A00ED85CB /* art.scnassets */; };
		524B1E8A22D6735A00ED85CB /* ViewController.swift in Sources */ = {isa = PBXBuildFile; fileRef = 524B1E8922D6735A00ED85CB /* ViewController.swift */; };
		524B1E8D22D6735A00ED85CB /* Main.storyboard in Resources */ = {isa = PBXBuildFile; fileRef = 524B1E8B22D6735A00ED85CB /* Main.storyboard */; };
		524B1E8F22D6735B00ED85CB /* Assets.xcassets in Resources */ = {isa = PBXBuildFile; fileRef = 524B1E8E22D6735B00ED85CB /* Assets.xcassets */; };
		524B1E9222D6735B00ED85CB /* LaunchScreen.storyboard in Resources */ = {isa = PBXBuildFile; fileRef = 524B1E9022D6735B00ED85CB /* LaunchScreen.storyboard */; };
/* End PBXBuildFile section */

/* Begin PBXFileReference section */
		524B1E8222D6735A00ED85CB /* Bascetball.app */ = {isa = PBXFileReference; explicitFileType = wrapper.application; includeInIndex = 0; path = Bascetball.app; sourceTree = BUILT_PRODUCTS_DIR; };
		524B1E8522D6735A00ED85CB /* AppDelegate.swift */ = {isa = PBXFileReference; lastKnownFileType = sourcecode.swift; path = AppDelegate.swift; sourceTree = "<group>"; };
		524B1E8722D6735A00ED85CB /* art.scnassets */ = {isa = PBXFileReference; lastKnownFileType = wrapper.scnassets; path = art.scnassets; sourceTree = "<group>"; };
		524B1E8922D6735A00ED85CB /* ViewController.swift */ = {isa = PBXFileReference; lastKnownFileType = sourcecode.swift; path = ViewController.swift; sourceTree = "<group>"; };
		524B1E8C22D6735A00ED85CB /* Base */ = {isa = PBXFileReference; lastKnownFileType = file.storyboard; name = Base; path = Base.lproj/Main.storyboard; sourceTree = "<group>"; };
		524B1E8E22D6735B00ED85CB /* Assets.xcassets */ = {isa = PBXFileReference; lastKnownFileType = folder.assetcatalog; path = Assets.xcassets; sourceTree = "<group>"; };
		524B1E9122D6735B00ED85CB /* Base */ = {isa = PBXFileReference; lastKnownFileType = file.storyboard; name = Base; path = Base.lproj/LaunchScreen.storyboard; sourceTree = "<group>"; };
		524B1E9322D6735B00ED85CB /* Info.plist */ = {isa = PBXFileReference; lastKnownFileType = text.plist.xml; path = Info.plist; sourceTree = "<group>"; };
/* End PBXFileReference section */

/* Begin PBXFrameworksBuildPhase section */
		524B1E7F22D6735A00ED85CB /* Frameworks */ = {
			isa = PBXFrameworksBuildPhase;
			buildActionMask = 2147483647;
			files = (
			);
			runOnlyForDeploymentPostprocessing = 0;
		};
/* End PBXFrameworksBuildPhase section */

/* Begin PBXGroup section */
		524B1E7922D6735A00ED85CB = {
			isa = PBXGroup;
			children = (
				524B1E8422D6735A00ED85CB /* Bascetball */,
				524B1E8322D6735A00ED85CB /* Products */,
			);
			sourceTree = "<group>";
		};
		524B1E8322D6735A00ED85CB /* Products */ = {
			isa = PBXGroup;
			children = (
				524B1E8222D6735A00ED85CB /* Bascetball.app */,
			);
			name = Products;
			sourceTree = "<group>";
		};
		524B1E8422D6735A00ED85CB /* Bascetball */ = {
			isa = PBXGroup;
			children = (
				524B1E8522D6735A00ED85CB /* AppDelegate.swift */,
				524B1E8722D6735A00ED85CB /* art.scnassets */,
				524B1E8922D6735A00ED85CB /* ViewController.swift */,
				524B1E8B22D6735A00ED85CB /* Main.storyboard */,
				524B1E8E22D6735B00ED85CB /* Assets.xcassets */,
				524B1E9022D6735B00ED85CB /* LaunchScreen.storyboard */,
				524B1E9322D6735B00ED85CB /* Info.plist */,
			);
			path = Bascetball;
			sourceTree = "<group>";
		};
/* End PBXGroup section */

/* Begin PBXNativeTarget section */
		524B1E8122D6735A00ED85CB /* Bascetball */ = {
			isa = PBXNativeTarget;
			buildConfigurationList = 524B1E9622D6735B00ED85CB /* Build configuration list for PBXNativeTarget "Bascetball" */;
			buildPhases = (
				524B1E7E22D6735A00ED85CB /* Sources */,
				524B1E7F22D6735A00ED85CB /* Frameworks */,
				524B1E8022D6735A00ED85CB /* Resources */,
			);
			buildRules = (
			);
			dependencies = (
			);
			name = Bascetball;
			productName = Bascetball;
			productReference = 524B1E8222D6735A00ED85CB /* Bascetball.app */;
			productType = "com.apple.product-type.application";
		};
/* End PBXNativeTarget section */

/* Begin PBXProject section */
		524B1E7A22D6735A00ED85CB /* Project object */ = {
			isa = PBXProject;
			attributes = {
				LastSwiftUpdateCheck = 1020;
				LastUpgradeCheck = 1020;
				ORGANIZATIONNAME = "John Kostanov";
				TargetAttributes = {
					524B1E8122D6735A00ED85CB = {
						CreatedOnToolsVersion = 10.2.1;
					};
				};
			};
			buildConfigurationList = 524B1E7D22D6735A00ED85CB /* Build configuration list for PBXProject "Bascetball" */;
			compatibilityVersion = "Xcode 9.3";
			developmentRegion = en;
			hasScannedForEncodings = 0;
			knownRegions = (
				en,
				Base,
			);
			mainGroup = 524B1E7922D6735A00ED85CB;
			productRefGroup = 524B1E8322D6735A00ED85CB /* Products */;
			projectDirPath = "";
			projectRoot = "";
			targets = (
				524B1E8122D6735A00ED85CB /* Bascetball */,
			);
		};
/* End PBXProject section */

/* Begin PBXResourcesBuildPhase section */
		524B1E8022D6735A00ED85CB /* Resources */ = {
			isa = PBXResourcesBuildPhase;
			buildActionMask = 2147483647;
			files = (
				524B1E8822D6735A00ED85CB /* art.scnassets in Resources */,
				524B1E9222D6735B00ED85CB /* LaunchScreen.storyboard in Resources */,
				524B1E8F22D6735B00ED85CB /* Assets.xcassets in Resources */,
				524B1E8D22D6735A00ED85CB /* Main.storyboard in Resources */,
			);
			runOnlyForDeploymentPostprocessing = 0;
		};
/* End PBXResourcesBuildPhase section */

/* Begin PBXSourcesBuildPhase section */
		524B1E7E22D6735A00ED85CB /* Sources */ = {
			isa = PBXSourcesBuildPhase;
			buildActionMask = 2147483647;
			files = (
				524B1E8A22D6735A00ED85CB /* ViewController.swift in Sources */,
				524B1E8622D6735A00ED85CB /* AppDelegate.swift in Sources */,
			);
			runOnlyForDeploymentPostprocessing = 0;
		};
/* End PBXSourcesBuildPhase section */

/* Begin PBXVariantGroup section */
		524B1E8B22D6735A00ED85CB /* Main.storyboard */ = {
			isa = PBXVariantGroup;
			children = (
				524B1E8C22D6735A00ED85CB /* Base */,
			);
			name = Main.storyboard;
			sourceTree = "<group>";
		};
		524B1E9022D6735B00ED85CB /* LaunchScreen.storyboard */ = {
			isa = PBXVariantGroup;
			children = (
				524B1E9122D6735B00ED85CB /* Base */,
			);
			name = LaunchScreen.storyboard;
			sourceTree = "<group>";
		};
/* End PBXVariantGroup section */

/* Begin XCBuildConfiguration section */
		524B1E9422D6735B00ED85CB /* Debug */ = {
			isa = XCBuildConfiguration;
			buildSettings = {
				ALWAYS_SEARCH_USER_PATHS = NO;
				CLANG_ANALYZER_NONNULL = YES;
				CLANG_ANALYZER_NUMBER_OBJECT_CONVERSION = YES_AGGRESSIVE;
				CLANG_CXX_LANGUAGE_STANDARD = "gnu++14";
				CLANG_CXX_LIBRARY = "libc++";
				CLANG_ENABLE_MODULES = YES;
				CLANG_ENABLE_OBJC_ARC = YES;
				CLANG_ENABLE_OBJC_WEAK = YES;
				CLANG_WARN_BLOCK_CAPTURE_AUTORELEASING = YES;
				CLANG_WARN_BOOL_CONVERSION = YES;
				CLANG_WARN_COMMA = YES;
				CLANG_WARN_CONSTANT_CONVERSION = YES;
				CLANG_WARN_DEPRECATED_OBJC_IMPLEMENTATIONS = YES;
				CLANG_WARN_DIRECT_OBJC_ISA_USAGE = YES_ERROR;
				CLANG_WARN_DOCUMENTATION_COMMENTS = YES;
				CLANG_WARN_EMPTY_BODY = YES;
				CLANG_WARN_ENUM_CONVERSION = YES;
				CLANG_WARN_INFINITE_RECURSION = YES;
				CLANG_WARN_INT_CONVERSION = YES;
				CLANG_WARN_NON_LITERAL_NULL_CONVERSION = YES;
				CLANG_WARN_OBJC_IMPLICIT_RETAIN_SELF = YES;
				CLANG_WARN_OBJC_LITERAL_CONVERSION = YES;
				CLANG_WARN_OBJC_ROOT_CLASS = YES_ERROR;
				CLANG_WARN_RANGE_LOOP_ANALYSIS = YES;
				CLANG_WARN_STRICT_PROTOTYPES = YES;
				CLANG_WARN_SUSPICIOUS_MOVE = YES;
				CLANG_WARN_UNGUARDED_AVAILABILITY = YES_AGGRESSIVE;
				CLANG_WARN_UNREACHABLE_CODE = YES;
				CLANG_WARN__DUPLICATE_METHOD_MATCH = YES;
				CODE_SIGN_IDENTITY = "iPhone Developer";
				COPY_PHASE_STRIP = NO;
				DEBUG_INFORMATION_FORMAT = dwarf;
				ENABLE_STRICT_OBJC_MSGSEND = YES;
				ENABLE_TESTABILITY = YES;
				GCC_C_LANGUAGE_STANDARD = gnu11;
				GCC_DYNAMIC_NO_PIC = NO;
				GCC_NO_COMMON_BLOCKS = YES;
				GCC_OPTIMIZATION_LEVEL = 0;
				GCC_PREPROCESSOR_DEFINITIONS = (
					"DEBUG=1",
					"$(inherited)",
				);
				GCC_WARN_64_TO_32_BIT_CONVERSION = YES;
				GCC_WARN_ABOUT_RETURN_TYPE = YES_ERROR;
				GCC_WARN_UNDECLARED_SELECTOR = YES;
				GCC_WARN_UNINITIALIZED_AUTOS = YES_AGGRESSIVE;
				GCC_WARN_UNUSED_FUNCTION = YES;
				GCC_WARN_UNUSED_VARIABLE = YES;
				IPHONEOS_DEPLOYMENT_TARGET = 12.2;
				MTL_ENABLE_DEBUG_INFO = INCLUDE_SOURCE;
				MTL_FAST_MATH = YES;
				ONLY_ACTIVE_ARCH = YES;
				SDKROOT = iphoneos;
				SWIFT_ACTIVE_COMPILATION_CONDITIONS = DEBUG;
				SWIFT_OPTIMIZATION_LEVEL = "-Onone";
			};
			name = Debug;
		};
		524B1E9522D6735B00ED85CB /* Release */ = {
			isa = XCBuildConfiguration;
			buildSettings = {
				ALWAYS_SEARCH_USER_PATHS = NO;
				CLANG_ANALYZER_NONNULL = YES;
				CLANG_ANALYZER_NUMBER_OBJECT_CONVERSION = YES_AGGRESSIVE;
				CLANG_CXX_LANGUAGE_STANDARD = "gnu++14";
				CLANG_CXX_LIBRARY = "libc++";
				CLANG_ENABLE_MODULES = YES;
				CLANG_ENABLE_OBJC_ARC = YES;
				CLANG_ENABLE_OBJC_WEAK = YES;
				CLANG_WARN_BLOCK_CAPTURE_AUTORELEASING = YES;
				CLANG_WARN_BOOL_CONVERSION = YES;
				CLANG_WARN_COMMA = YES;
				CLANG_WARN_CONSTANT_CONVERSION = YES;
				CLANG_WARN_DEPRECATED_OBJC_IMPLEMENTATIONS = YES;
				CLANG_WARN_DIRECT_OBJC_ISA_USAGE = YES_ERROR;
				CLANG_WARN_DOCUMENTATION_COMMENTS = YES;
				CLANG_WARN_EMPTY_BODY = YES;
				CLANG_WARN_ENUM_CONVERSION = YES;
				CLANG_WARN_INFINITE_RECURSION = YES;
				CLANG_WARN_INT_CONVERSION = YES;
				CLANG_WARN_NON_LITERAL_NULL_CONVERSION = YES;
				CLANG_WARN_OBJC_IMPLICIT_RETAIN_SELF = YES;
				CLANG_WARN_OBJC_LITERAL_CONVERSION = YES;
				CLANG_WARN_OBJC_ROOT_CLASS = YES_ERROR;
				CLANG_WARN_RANGE_LOOP_ANALYSIS = YES;
				CLANG_WARN_STRICT_PROTOTYPES = YES;
				CLANG_WARN_SUSPICIOUS_MOVE = YES;
				CLANG_WARN_UNGUARDED_AVAILABILITY = YES_AGGRESSIVE;
				CLANG_WARN_UNREACHABLE_CODE = YES;
				CLANG_WARN__DUPLICATE_METHOD_MATCH = YES;
				CODE_SIGN_IDENTITY = "iPhone Developer";
				COPY_PHASE_STRIP = NO;
				DEBUG_INFORMATION_FORMAT = "dwarf-with-dsym";
				ENABLE_NS_ASSERTIONS = NO;
				ENABLE_STRICT_OBJC_MSGSEND = YES;
				GCC_C_LANGUAGE_STANDARD = gnu11;
				GCC_NO_COMMON_BLOCKS = YES;
				GCC_WARN_64_TO_32_BIT_CONVERSION = YES;
				GCC_WARN_ABOUT_RETURN_TYPE = YES_ERROR;
				GCC_WARN_UNDECLARED_SELECTOR = YES;
				GCC_WARN_UNINITIALIZED_AUTOS = YES_AGGRESSIVE;
				GCC_WARN_UNUSED_FUNCTION = YES;
				GCC_WARN_UNUSED_VARIABLE = YES;
				IPHONEOS_DEPLOYMENT_TARGET = 12.2;
				MTL_ENABLE_DEBUG_INFO = NO;
				MTL_FAST_MATH = YES;
				SDKROOT = iphoneos;
				SWIFT_COMPILATION_MODE = wholemodule;
				SWIFT_OPTIMIZATION_LEVEL = "-O";
				VALIDATE_PRODUCT = YES;
			};
			name = Release;
		};
		524B1E9722D6735B00ED85CB /* Debug */ = {
			isa = XCBuildConfiguration;
			buildSettings = {
				ASSETCATALOG_COMPILER_APPICON_NAME = AppIcon;
				CODE_SIGN_STYLE = Automatic;
				DEVELOPMENT_TEAM = 5K285D3RL3;
				INFOPLIST_FILE = Bascetball/Info.plist;
				LD_RUNPATH_SEARCH_PATHS = (
					"$(inherited)",
					"@executable_path/Frameworks",
				);
				PRODUCT_BUNDLE_IDENTIFIER = "John-Kostanov.Bascetball";
				PRODUCT_NAME = "$(TARGET_NAME)";
				SWIFT_VERSION = 5.0;
				TARGETED_DEVICE_FAMILY = "1,2";
			};
			name = Debug;
		};
		524B1E9822D6735B00ED85CB /* Release */ = {
			isa = XCBuildConfiguration;
			buildSettings = {
				ASSETCATALOG_COMPILER_APPICON_NAME = AppIcon;
				CODE_SIGN_STYLE = Automatic;
				DEVELOPMENT_TEAM = 5K285D3RL3;
				INFOPLIST_FILE = Bascetball/Info.plist;
				LD_RUNPATH_SEARCH_PATHS = (
					"$(inherited)",
					"@executable_path/Frameworks",
				);
				PRODUCT_BUNDLE_IDENTIFIER = "John-Kostanov.Bascetball";
				PRODUCT_NAME = "$(TARGET_NAME)";
				SWIFT_VERSION = 5.0;
				TARGETED_DEVICE_FAMILY = "1,2";
			};
			name = Release;
		};
/* End XCBuildConfiguration section */

/* Begin XCConfigurationList section */
		524B1E7D22D6735A00ED85CB /* Build configuration list for PBXProject "Bascetball" */ = {
			isa = XCConfigurationList;
			buildConfigurations = (
				524B1E9422D6735B00ED85CB /* Debug */,
				524B1E9522D6735B00ED85CB /* Release */,
			);
			defaultConfigurationIsVisible = 0;
			defaultConfigurationName = Release;
		};
		524B1E9622D6735B00ED85CB /* Build configuration list for PBXNativeTarget "Bascetball" */ = {
			isa = XCConfigurationList;
			buildConfigurations = (
				524B1E9722D6735B00ED85CB /* Debug */,
				524B1E9822D6735B00ED85CB /* Release */,
			);
			defaultConfigurationIsVisible = 0;
			defaultConfigurationName = Release;
		};
/* End XCConfigurationList section */
	};
	rootObject = 524B1E7A22D6735A00ED85CB /* Project object */;
}
